
Microsoft Visual Studio Solution File, Format Version 12.00
# Visual Studio Version 17
VisualStudioVersion = 17.14.36121.58 d17.14
MinimumVisualStudioVersion = 10.0.40219.1
Project("{FAE04EC0-301F-11D3-BF4B-00C04F79EFBC}") = "DemoCommon", "DemoCommon.csproj", "{9E673F43-E86E-0538-49C8-437B3F6D8903}"
EndProject
Project("{FAE04EC0-301F-11D3-BF4B-00C04F79EFBC}") = "LHT.Shared", "..\LHT.Shared\LHT.Shared.csproj", "{1471AE91-9B99-AD90-8934-20217C9A0FB1}"
EndProject
Global
	GlobalSection(SolutionConfigurationPlatforms) = preSolution
		Debug|Any CPU = Debug|Any CPU
		Release|Any CPU = Release|Any CPU
	EndGlobalSection
	GlobalSection(ProjectConfigurationPlatforms) = postSolution
		{9E673F43-E86E-0538-49C8-437B3F6D8903}.Debug|Any CPU.ActiveCfg = Debug|Any CPU
		{9E673F43-E86E-0538-49C8-437B3F6D8903}.Debug|Any CPU.Build.0 = Debug|Any CPU
		{9E673F43-E86E-0538-49C8-437B3F6D8903}.Release|Any CPU.ActiveCfg = Release|Any CPU
		{9E673F43-E86E-0538-49C8-437B3F6D8903}.Release|Any CPU.Build.0 = Release|Any CPU
		{1471AE91-9B99-AD90-8934-20217C9A0FB1}.Debug|Any CPU.ActiveCfg = Debug|Any CPU
		{1471AE91-9B99-AD90-8934-20217C9A0FB1}.Debug|Any CPU.Build.0 = Debug|Any CPU
		{1471AE91-9B99-AD90-8934-20217C9A0FB1}.Release|Any CPU.ActiveCfg = Release|Any CPU
		{1471AE91-9B99-AD90-8934-20217C9A0FB1}.Release|Any CPU.Build.0 = Release|Any CPU
	EndGlobalSection
	GlobalSection(SolutionProperties) = preSolution
		HideSolutionNode = FALSE
	EndGlobalSection
	GlobalSection(ExtensibilityGlobals) = postSolution
		SolutionGuid = {18858DBD-B9CC-4984-ABD0-ADC5D5ABFD3E}
	EndGlobalSection
EndGlobal
