
Microsoft Visual Studio Solution File, Format Version 12.00
# Visual Studio Version 17
VisualStudioVersion = 17.14.36121.58 d17.14
MinimumVisualStudioVersion = 10.0.40219.1
Project("{FAE04EC0-301F-11D3-BF4B-00C04F79EFBC}") = "LHT.Shared", "LHT.Shared.csproj", "{38401AB1-83AB-4736-9AEF-C877BA855972}"
EndProject
Global
	GlobalSection(SolutionConfigurationPlatforms) = preSolution
		Debug|Any CPU = Debug|Any CPU
		Release|Any CPU = Release|Any CPU
	EndGlobalSection
	GlobalSection(ProjectConfigurationPlatforms) = postSolution
		{38401AB1-83AB-4736-9AEF-C877BA855972}.Debug|Any CPU.ActiveCfg = Debug|Any CPU
		{38401AB1-83AB-4736-9AEF-C877BA855972}.Debug|Any CPU.Build.0 = Debug|Any CPU
		{38401AB1-83AB-4736-9AEF-C877BA855972}.Release|Any CPU.ActiveCfg = Release|Any CPU
		{38401AB1-83AB-4736-9AEF-C877BA855972}.Release|Any CPU.Build.0 = Release|Any CPU
	EndGlobalSection
	GlobalSection(SolutionProperties) = preSolution
		HideSolutionNode = FALSE
	EndGlobalSection
	GlobalSection(ExtensibilityGlobals) = postSolution
		SolutionGuid = {03988FB2-61AB-49E9-BFAC-7D4CF8EF3168}
	EndGlobalSection
EndGlobal
